
Microsoft Visual Studio Solution File, Format Version 12.00
# Visual Studio Version 16
VisualStudioVersion = 16.0.30503.244
MinimumVisualStudioVersion = 10.0.40219.1
Project("{FAE04EC0-301F-11D3-BF4B-00C04F79EFBC}") = "GRSTableStorage.Web", "GRSTableStorage.Web\GRSTableStorage.Web.csproj", "{B8184D96-EF87-4493-8021-6001FCC499EF}"
EndProject
Global
	GlobalSection(SolutionConfigurationPlatforms) = preSolution
		Debug|Any CPU = Debug|Any CPU
		Release|Any CPU = Release|Any CPU
	EndGlobalSection
	GlobalSection(ProjectConfigurationPlatforms) = postSolution
		{B8184D96-EF87-4493-8021-6001FCC499EF}.Debug|Any CPU.ActiveCfg = Debug|Any CPU
		{B8184D96-EF87-4493-8021-6001FCC499EF}.Debug|Any CPU.Build.0 = Debug|Any CPU
		{B8184D96-EF87-4493-8021-6001FCC499EF}.Release|Any CPU.ActiveCfg = Release|Any CPU
		{B8184D96-EF87-4493-8021-6001FCC499EF}.Release|Any CPU.Build.0 = Release|Any CPU
	EndGlobalSection
	GlobalSection(SolutionProperties) = preSolution
		HideSolutionNode = FALSE
	EndGlobalSection
	GlobalSection(ExtensibilityGlobals) = postSolution
		SolutionGuid = {F6DBB55B-222C-445E-9362-5ECB5EBAA177}
	EndGlobalSection
EndGlobal
